
Microsoft Visual Studio Solution File, Format Version 12.00
# Visual Studio Version 16
VisualStudioVersion = 16.0.31313.79
MinimumVisualStudioVersion = 10.0.40219.1
Project("{9A19103F-16F7-4668-BE54-9A1E7A4F7556}") = "STATUS.API", "STATUS.API.csproj", "{9F37F1A7-FFD9-4771-B151-BB30BAEE0634}"
EndProject
Project("{FAE04EC0-301F-11D3-BF4B-00C04F79EFBC}") = "STATUS.JOB", "..\STATUS.JOB\STATUS.JOB.csproj", "{BF270D55-E19F-45F2-8A61-A586E5C8805B}"
EndProject
Global
	GlobalSection(SolutionConfigurationPlatforms) = preSolution
		Debug|Any CPU = Debug|Any CPU
		Release|Any CPU = Release|Any CPU
	EndGlobalSection
	GlobalSection(ProjectConfigurationPlatforms) = postSolution
		{9F37F1A7-FFD9-4771-B151-BB30BAEE0634}.Debug|Any CPU.ActiveCfg = Debug|Any CPU
		{9F37F1A7-FFD9-4771-B151-BB30BAEE0634}.Debug|Any CPU.Build.0 = Debug|Any CPU
		{9F37F1A7-FFD9-4771-B151-BB30BAEE0634}.Release|Any CPU.ActiveCfg = Release|Any CPU
		{9F37F1A7-FFD9-4771-B151-BB30BAEE0634}.Release|Any CPU.Build.0 = Release|Any CPU
		{BF270D55-E19F-45F2-8A61-A586E5C8805B}.Debug|Any CPU.ActiveCfg = Debug|Any CPU
		{BF270D55-E19F-45F2-8A61-A586E5C8805B}.Debug|Any CPU.Build.0 = Debug|Any CPU
		{BF270D55-E19F-45F2-8A61-A586E5C8805B}.Release|Any CPU.ActiveCfg = Release|Any CPU
		{BF270D55-E19F-45F2-8A61-A586E5C8805B}.Release|Any CPU.Build.0 = Release|Any CPU
	EndGlobalSection
	GlobalSection(SolutionProperties) = preSolution
		HideSolutionNode = FALSE
	EndGlobalSection
	GlobalSection(ExtensibilityGlobals) = postSolution
		SolutionGuid = {7A7E0B63-EDC4-44DE-BB5C-08BCB2ED0BB2}
	EndGlobalSection
EndGlobal
